
Microsoft Visual Studio Solution File, Format Version 12.00
# Visual Studio Version 17
VisualStudioVersion = 17.9.34723.18
MinimumVisualStudioVersion = 10.0.40219.1
Project("{FAE04EC0-301F-11D3-BF4B-00C04F79EFBC}") = "test-1", "test-1\test-1.csproj", "{DE2E2E88-371F-4E70-BD51-D93FB58DD341}"
EndProject
Global
	GlobalSection(SolutionConfigurationPlatforms) = preSolution
		Debug|Any CPU = Debug|Any CPU
		Release|Any CPU = Release|Any CPU
	EndGlobalSection
	GlobalSection(ProjectConfigurationPlatforms) = postSolution
		{DE2E2E88-371F-4E70-BD51-D93FB58DD341}.Debug|Any CPU.ActiveCfg = Debug|Any CPU
		{DE2E2E88-371F-4E70-BD51-D93FB58DD341}.Debug|Any CPU.Build.0 = Debug|Any CPU
		{DE2E2E88-371F-4E70-BD51-D93FB58DD341}.Release|Any CPU.ActiveCfg = Release|Any CPU
		{DE2E2E88-371F-4E70-BD51-D93FB58DD341}.Release|Any CPU.Build.0 = Release|Any CPU
	EndGlobalSection
	GlobalSection(SolutionProperties) = preSolution
		HideSolutionNode = FALSE
	EndGlobalSection
	GlobalSection(ExtensibilityGlobals) = postSolution
		SolutionGuid = {F302BBA3-EBE9-40E1-9B3B-D18CA39EEEE8}
	EndGlobalSection
EndGlobal
